
Microsoft Visual Studio Solution File, Format Version 12.00
# Visual Studio Version 16
VisualStudioVersion = 16.0.32126.315
MinimumVisualStudioVersion = 10.0.40219.1
Project("{9A19103F-16F7-4668-BE54-9A1E7A4F7556}") = "Domain", "Domain\Domain.csproj", "{0C2FF4D9-002F-41CD-B7F8-C065D7621D85}"
EndProject
Project("{FAE04EC0-301F-11D3-BF4B-00C04F79EFBC}") = "Application", "Application\Application.csproj", "{812A0940-440B-459D-A25F-AFBFE0F4F3A4}"
EndProject
Global
	GlobalSection(SolutionConfigurationPlatforms) = preSolution
		Debug|Any CPU = Debug|Any CPU
		Release|Any CPU = Release|Any CPU
	EndGlobalSection
	GlobalSection(ProjectConfigurationPlatforms) = postSolution
		{0C2FF4D9-002F-41CD-B7F8-C065D7621D85}.Debug|Any CPU.ActiveCfg = Debug|Any CPU
		{0C2FF4D9-002F-41CD-B7F8-C065D7621D85}.Debug|Any CPU.Build.0 = Debug|Any CPU
		{0C2FF4D9-002F-41CD-B7F8-C065D7621D85}.Release|Any CPU.ActiveCfg = Release|Any CPU
		{0C2FF4D9-002F-41CD-B7F8-C065D7621D85}.Release|Any CPU.Build.0 = Release|Any CPU
		{812A0940-440B-459D-A25F-AFBFE0F4F3A4}.Debug|Any CPU.ActiveCfg = Debug|Any CPU
		{812A0940-440B-459D-A25F-AFBFE0F4F3A4}.Debug|Any CPU.Build.0 = Debug|Any CPU
		{812A0940-440B-459D-A25F-AFBFE0F4F3A4}.Release|Any CPU.ActiveCfg = Release|Any CPU
		{812A0940-440B-459D-A25F-AFBFE0F4F3A4}.Release|Any CPU.Build.0 = Release|Any CPU
	EndGlobalSection
	GlobalSection(SolutionProperties) = preSolution
		HideSolutionNode = FALSE
	EndGlobalSection
	GlobalSection(ExtensibilityGlobals) = postSolution
		SolutionGuid = {E3266DD7-F248-40F3-A617-53296864B1F9}
	EndGlobalSection
EndGlobal
